// !$*UTF8*$!
{
	archiveVersion = 1;
	classes = {
	};
	objectVersion = 55;
	objects = {

/* Begin PBXBuildFile section */
		18708AE47A4C11FBF78F8F14 /* Pods_FindFacilities.framework in Frameworks */ = {isa = PBXBuildFile; fileRef = EB48B936BA08F9F8D31FE3C6 /* Pods_FindFacilities.framework */; };
		C90596E7278C03980032E3D5 /* Category.swift in Sources */ = {isa = PBXBuildFile; fileRef = C90596E6278C03980032E3D5 /* Category.swift */; };
		C90596E9278C0DE20032E3D5 /* LocationMapModel.swift in Sources */ = {isa = PBXBuildFile; fileRef = C90596E8278C0DE20032E3D5 /* LocationMapModel.swift */; };
		C90596EB278C6A8B0032E3D5 /* DetailListCellData.swift in Sources */ = {isa = PBXBuildFile; fileRef = C90596EA278C6A8B0032E3D5 /* DetailListCellData.swift */; };
		C9B9996B277C32360084CFF6 /* AppDelegate.swift in Sources */ = {isa = PBXBuildFile; fileRef = C9B9996A277C32360084CFF6 /* AppDelegate.swift */; };
		C9B9996D277C32360084CFF6 /* SceneDelegate.swift in Sources */ = {isa = PBXBuildFile; fileRef = C9B9996C277C32360084CFF6 /* SceneDelegate.swift */; };
		C9B99974277C32370084CFF6 /* Assets.xcassets in Resources */ = {isa = PBXBuildFile; fileRef = C9B99973277C32370084CFF6 /* Assets.xcassets */; };
		C9B99977277C32370084CFF6 /* LaunchScreen.storyboard in Resources */ = {isa = PBXBuildFile; fileRef = C9B99975277C32370084CFF6 /* LaunchScreen.storyboard */; };
		C9B99982277C32370084CFF6 /* FindFacilitiesTests.swift in Sources */ = {isa = PBXBuildFile; fileRef = C9B99981277C32370084CFF6 /* FindFacilitiesTests.swift */; };
		C9B9998C277C32370084CFF6 /* FindFacilitiesUITests.swift in Sources */ = {isa = PBXBuildFile; fileRef = C9B9998B277C32370084CFF6 /* FindFacilitiesUITests.swift */; };
		C9B9998E277C32370084CFF6 /* FindFacilitiesUITestsLaunchTests.swift in Sources */ = {isa = PBXBuildFile; fileRef = C9B9998D277C32370084CFF6 /* FindFacilitiesUITestsLaunchTests.swift */; };
		C9B999C1277C37A30084CFF6 /* map_pinup_custom@3x.png in Resources */ = {isa = PBXBuildFile; fileRef = C9B9999C277C37A30084CFF6 /* map_pinup_custom@3x.png */; };
		C9B999C2277C37A30084CFF6 /* map_pin_custom.png in Resources */ = {isa = PBXBuildFile; fileRef = C9B9999D277C37A30084CFF6 /* map_pin_custom.png */; };
		C9B999C3277C37A30084CFF6 /* shadow_balloon.png in Resources */ = {isa = PBXBuildFile; fileRef = C9B9999E277C37A30084CFF6 /* shadow_balloon.png */; };
		C9B999C4277C37A30084CFF6 /* map_pinup.png in Resources */ = {isa = PBXBuildFile; fileRef = C9B9999F277C37A30084CFF6 /* map_pinup.png */; };
		C9B999C5277C37A30084CFF6 /* detail_button.png in Resources */ = {isa = PBXBuildFile; fileRef = C9B999A0277C37A30084CFF6 /* detail_button.png */; };
		C9B999C6277C37A30084CFF6 /* map_pin_custom@3x.png in Resources */ = {isa = PBXBuildFile; fileRef = C9B999A1277C37A30084CFF6 /* map_pin_custom@3x.png */; };
		C9B999C7277C37A30084CFF6 /* map_pinup@3x.png in Resources */ = {isa = PBXBuildFile; fileRef = C9B999A2277C37A30084CFF6 /* map_pinup@3x.png */; };
		C9B999C8277C37A30084CFF6 /* map_pin_shadow@3x.png in Resources */ = {isa = PBXBuildFile; fileRef = C9B999A3277C37A30084CFF6 /* map_pin_shadow@3x.png */; };
		C9B999C9277C37A30084CFF6 /* copyright.png in Resources */ = {isa = PBXBuildFile; fileRef = C9B999A4277C37A30084CFF6 /* copyright.png */; };
		C9B999CA277C37A30084CFF6 /* th_line.png in Resources */ = {isa = PBXBuildFile; fileRef = C9B999A5277C37A30084CFF6 /* th_line.png */; };
		C9B999CB277C37A30084CFF6 /* map_pin_red@3x.png in Resources */ = {isa = PBXBuildFile; fileRef = C9B999A6277C37A30084CFF6 /* map_pin_red@3x.png */; };
		C9B999CC277C37A30084CFF6 /* daum_copyright.png in Resources */ = {isa = PBXBuildFile; fileRef = C9B999A7277C37A30084CFF6 /* daum_copyright.png */; };
		C9B999CD277C37A30084CFF6 /* map_pin@3x.png in Resources */ = {isa = PBXBuildFile; fileRef = C9B999A8277C37A30084CFF6 /* map_pin@3x.png */; };
		C9B999CE277C37A30084CFF6 /* map_present_tracking.png in Resources */ = {isa = PBXBuildFile; fileRef = C9B999A9277C37A30084CFF6 /* map_present_tracking.png */; };
		C9B999CF277C37A30084CFF6 /* map_pin_red.png in Resources */ = {isa = PBXBuildFile; fileRef = C9B999AA277C37A30084CFF6 /* map_pin_red.png */; };
		C9B999D0277C37A30084CFF6 /* info_box.png in Resources */ = {isa = PBXBuildFile; fileRef = C9B999B4277C37A30084CFF6 /* info_box.png */; };
		C9B999D1277C37A30084CFF6 /* point_sprite.png in Resources */ = {isa = PBXBuildFile; fileRef = C9B999B5277C37A30084CFF6 /* point_sprite.png */; };
		C9B999D2277C37A30084CFF6 /* map_pinup_custom.png in Resources */ = {isa = PBXBuildFile; fileRef = C9B999B6277C37A30084CFF6 /* map_pinup_custom.png */; };
		C9B999D3277C37A30084CFF6 /* info_box_tail.png in Resources */ = {isa = PBXBuildFile; fileRef = C9B999B7277C37A30084CFF6 /* info_box_tail.png */; };
		C9B999D4277C37A30084CFF6 /* noimage256.png in Resources */ = {isa = PBXBuildFile; fileRef = C9B999B8277C37A30084CFF6 /* noimage256.png */; };
		C9B999D5277C37A30084CFF6 /* map_present_direction.png in Resources */ = {isa = PBXBuildFile; fileRef = C9B999B9277C37A30084CFF6 /* map_present_direction.png */; };
		C9B999D6277C37A30084CFF6 /* map_pin.png in Resources */ = {isa = PBXBuildFile; fileRef = C9B999BA277C37A30084CFF6 /* map_pin.png */; };
		C9B999D7277C37A30084CFF6 /* map_present.png in Resources */ = {isa = PBXBuildFile; fileRef = C9B999BB277C37A30084CFF6 /* map_present.png */; };
		C9B999D8277C37A30084CFF6 /* noimage.png in Resources */ = {isa = PBXBuildFile; fileRef = C9B999BC277C37A30084CFF6 /* noimage.png */; };
		C9B999D9277C37A30084CFF6 /* map_present_background_update.png in Resources */ = {isa = PBXBuildFile; fileRef = C9B999BD277C37A30084CFF6 /* map_present_background_update.png */; };
		C9B999DA277C37A30084CFF6 /* daum_th_line.png in Resources */ = {isa = PBXBuildFile; fileRef = C9B999BE277C37A30084CFF6 /* daum_th_line.png */; };
		C9B999DB277C37A30084CFF6 /* map_pin_shadow.png in Resources */ = {isa = PBXBuildFile; fileRef = C9B999BF277C37A30084CFF6 /* map_pin_shadow.png */; };
		C9B999DC277C37A30084CFF6 /* DaumMap.framework in Frameworks */ = {isa = PBXBuildFile; fileRef = C9B999C0277C37A30084CFF6 /* DaumMap.framework */; };
		C9B999E8277CCEE50084CFF6 /* QuartzCore.framework in Frameworks */ = {isa = PBXBuildFile; fileRef = C9B999E7277CCEE50084CFF6 /* QuartzCore.framework */; };
		C9B999EA277CCEEF0084CFF6 /* CoreLocation.framework in Frameworks */ = {isa = PBXBuildFile; fileRef = C9B999E9277CCEEF0084CFF6 /* CoreLocation.framework */; };
		C9B999EC277CCEF80084CFF6 /* SystemConfiguration.framework in Frameworks */ = {isa = PBXBuildFile; fileRef = C9B999EB277CCEF80084CFF6 /* SystemConfiguration.framework */; };
		C9B999EE277CCEFD0084CFF6 /* OpenGLES.framework in Frameworks */ = {isa = PBXBuildFile; fileRef = C9B999ED277CCEFD0084CFF6 /* OpenGLES.framework */; };
		C9B999F1277CD16E0084CFF6 /* LocationMapViewController.swift in Sources */ = {isa = PBXBuildFile; fileRef = C9B999F0277CD16E0084CFF6 /* LocationMapViewController.swift */; };
		C9B999F3277CD3D70084CFF6 /* Constants.swift in Sources */ = {isa = PBXBuildFile; fileRef = C9B999F2277CD3D70084CFF6 /* Constants.swift */; };
		C9B999F5277CD3E30084CFF6 /* LocalAPI.swift in Sources */ = {isa = PBXBuildFile; fileRef = C9B999F4277CD3E30084CFF6 /* LocalAPI.swift */; };
		C9B999F8277CD4760084CFF6 /* LocationData.swift in Sources */ = {isa = PBXBuildFile; fileRef = C9B999F7277CD4760084CFF6 /* LocationData.swift */; };
		C9B999FB277CD9210084CFF6 /* LocalNetwork.swift in Sources */ = {isa = PBXBuildFile; fileRef = C9B999FA277CD9210084CFF6 /* LocalNetwork.swift */; };
		C9B999FD277CE3040084CFF6 /* LocationMapViewModel.swift in Sources */ = {isa = PBXBuildFile; fileRef = C9B999FC277CE3040084CFF6 /* LocationMapViewModel.swift */; };
		C9B999FF277CE4B70084CFF6 /* DetailTableViewCell.swift in Sources */ = {isa = PBXBuildFile; fileRef = C9B999FE277CE4B70084CFF6 /* DetailTableViewCell.swift */; };
		C9B99A00277CE53C0084CFF6 /* DaumMap.framework in Frameworks */ = {isa = PBXBuildFile; fileRef = C9B999C0277C37A30084CFF6 /* DaumMap.framework */; };
		C9B99A03277CE5630084CFF6 /* libc++.tbd in Frameworks */ = {isa = PBXBuildFile; fileRef = C9B999E4277CCEC10084CFF6 /* libc++.tbd */; };
		C9B99A04277CE5680084CFF6 /* libsqlite3.tbd in Frameworks */ = {isa = PBXBuildFile; fileRef = C9B999E6277CCED00084CFF6 /* libsqlite3.tbd */; };
		C9B99A05277CE56F0084CFF6 /* libxml2.tbd in Frameworks */ = {isa = PBXBuildFile; fileRef = C9B999E2277CCEAD0084CFF6 /* libxml2.tbd */; };
		C9B99A09277D71050084CFF6 /* CategoryCollectionViewCell.swift in Sources */ = {isa = PBXBuildFile; fileRef = C9B99A08277D71050084CFF6 /* CategoryCollectionViewCell.swift */; };
		E0CF072091FFF4996A9ACFB2 /* Pods_FindFacilitiesTests.framework in Frameworks */ = {isa = PBXBuildFile; fileRef = 709057433293FA3F761B00B0 /* Pods_FindFacilitiesTests.framework */; };
		E12C1178184C4514E4F67F61 /* Pods_FindFacilities_FindFacilitiesUITests.framework in Frameworks */ = {isa = PBXBuildFile; fileRef = D857A9CE6FFBCC14A97DE944 /* Pods_FindFacilities_FindFacilitiesUITests.framework */; };
/* End PBXBuildFile section */

/* Begin PBXContainerItemProxy section */
		C9B9997E277C32370084CFF6 /* PBXContainerItemProxy */ = {
			isa = PBXContainerItemProxy;
			containerPortal = C9B9995F277C32360084CFF6 /* Project object */;
			proxyType = 1;
			remoteGlobalIDString = C9B99966277C32360084CFF6;
			remoteInfo = FindFacilities;
		};
		C9B99988277C32370084CFF6 /* PBXContainerItemProxy */ = {
			isa = PBXContainerItemProxy;
			containerPortal = C9B9995F277C32360084CFF6 /* Project object */;
			proxyType = 1;
			remoteGlobalIDString = C9B99966277C32360084CFF6;
			remoteInfo = FindFacilities;
		};
/* End PBXContainerItemProxy section */

/* Begin PBXCopyFilesBuildPhase section */
		C9B99A02277CE53C0084CFF6 /* Embed Frameworks */ = {
			isa = PBXCopyFilesBuildPhase;
			buildActionMask = 2147483647;
			dstPath = "";
			dstSubfolderSpec = 10;
			files = (
			);
			name = "Embed Frameworks";
			runOnlyForDeploymentPostprocessing = 0;
		};
/* End PBXCopyFilesBuildPhase section */

/* Begin PBXFileReference section */
		2076CFAC04C92EB3FC11E093 /* Pods-FindFacilitiesTests.release.xcconfig */ = {isa = PBXFileReference; includeInIndex = 1; lastKnownFileType = text.xcconfig; name = "Pods-FindFacilitiesTests.release.xcconfig"; path = "Target Support Files/Pods-FindFacilitiesTests/Pods-FindFacilitiesTests.release.xcconfig"; sourceTree = "<group>"; };
		56C4C4138005E5BFAD46AE49 /* Pods-FindFacilities.debug.xcconfig */ = {isa = PBXFileReference; includeInIndex = 1; lastKnownFileType = text.xcconfig; name = "Pods-FindFacilities.debug.xcconfig"; path = "Target Support Files/Pods-FindFacilities/Pods-FindFacilities.debug.xcconfig"; sourceTree = "<group>"; };
		6829FFAA9980C4EC1FEFE88C /* Pods-FindFacilities-FindFacilitiesUITests.release.xcconfig */ = {isa = PBXFileReference; includeInIndex = 1; lastKnownFileType = text.xcconfig; name = "Pods-FindFacilities-FindFacilitiesUITests.release.xcconfig"; path = "Target Support Files/Pods-FindFacilities-FindFacilitiesUITests/Pods-FindFacilities-FindFacilitiesUITests.release.xcconfig"; sourceTree = "<group>"; };
		709057433293FA3F761B00B0 /* Pods_FindFacilitiesTests.framework */ = {isa = PBXFileReference; explicitFileType = wrapper.framework; includeInIndex = 0; path = Pods_FindFacilitiesTests.framework; sourceTree = BUILT_PRODUCTS_DIR; };
		BE81531E3115F1B175800B60 /* Pods-FindFacilitiesTests.debug.xcconfig */ = {isa = PBXFileReference; includeInIndex = 1; lastKnownFileType = text.xcconfig; name = "Pods-FindFacilitiesTests.debug.xcconfig"; path = "Target Support Files/Pods-FindFacilitiesTests/Pods-FindFacilitiesTests.debug.xcconfig"; sourceTree = "<group>"; };
		C90596E6278C03980032E3D5 /* Category.swift */ = {isa = PBXFileReference; lastKnownFileType = sourcecode.swift; path = Category.swift; sourceTree = "<group>"; };
		C90596E8278C0DE20032E3D5 /* LocationMapModel.swift */ = {isa = PBXFileReference; lastKnownFileType = sourcecode.swift; path = LocationMapModel.swift; sourceTree = "<group>"; };
		C90596EA278C6A8B0032E3D5 /* DetailListCellData.swift */ = {isa = PBXFileReference; lastKnownFileType = sourcecode.swift; path = DetailListCellData.swift; sourceTree = "<group>"; };
		C9B99967277C32360084CFF6 /* FindFacilities.app */ = {isa = PBXFileReference; explicitFileType = wrapper.application; includeInIndex = 0; path = FindFacilities.app; sourceTree = BUILT_PRODUCTS_DIR; };
		C9B9996A277C32360084CFF6 /* AppDelegate.swift */ = {isa = PBXFileReference; lastKnownFileType = sourcecode.swift; path = AppDelegate.swift; sourceTree = "<group>"; };
		C9B9996C277C32360084CFF6 /* SceneDelegate.swift */ = {isa = PBXFileReference; lastKnownFileType = sourcecode.swift; path = SceneDelegate.swift; sourceTree = "<group>"; };
		C9B99973277C32370084CFF6 /* Assets.xcassets */ = {isa = PBXFileReference; lastKnownFileType = folder.assetcatalog; path = Assets.xcassets; sourceTree = "<group>"; };
		C9B99976277C32370084CFF6 /* Base */ = {isa = PBXFileReference; lastKnownFileType = file.storyboard; name = Base; path = Base.lproj/LaunchScreen.storyboard; sourceTree = "<group>"; };
		C9B99978277C32370084CFF6 /* Info.plist */ = {isa = PBXFileReference; lastKnownFileType = text.plist.xml; path = Info.plist; sourceTree = "<group>"; };
		C9B9997D277C32370084CFF6 /* FindFacilitiesTests.xctest */ = {isa = PBXFileReference; explicitFileType = wrapper.cfbundle; includeInIndex = 0; path = FindFacilitiesTests.xctest; sourceTree = BUILT_PRODUCTS_DIR; };
		C9B99981277C32370084CFF6 /* FindFacilitiesTests.swift */ = {isa = PBXFileReference; lastKnownFileType = sourcecode.swift; path = FindFacilitiesTests.swift; sourceTree = "<group>"; };
		C9B99987277C32370084CFF6 /* FindFacilitiesUITests.xctest */ = {isa = PBXFileReference; explicitFileType = wrapper.cfbundle; includeInIndex = 0; path = FindFacilitiesUITests.xctest; sourceTree = BUILT_PRODUCTS_DIR; };
		C9B9998B277C32370084CFF6 /* FindFacilitiesUITests.swift */ = {isa = PBXFileReference; lastKnownFileType = sourcecode.swift; path = FindFacilitiesUITests.swift; sourceTree = "<group>"; };
		C9B9998D277C32370084CFF6 /* FindFacilitiesUITestsLaunchTests.swift */ = {isa = PBXFileReference; lastKnownFileType = sourcecode.swift; path = FindFacilitiesUITestsLaunchTests.swift; sourceTree = "<group>"; };
		C9B9999C277C37A30084CFF6 /* map_pinup_custom@3x.png */ = {isa = PBXFileReference; lastKnownFileType = image.png; path = "map_pinup_custom@3x.png"; sourceTree = "<group>"; };
		C9B9999D277C37A30084CFF6 /* map_pin_custom.png */ = {isa = PBXFileReference; lastKnownFileType = image.png; path = map_pin_custom.png; sourceTree = "<group>"; };
		C9B9999E277C37A30084CFF6 /* shadow_balloon.png */ = {isa = PBXFileReference; lastKnownFileType = image.png; path = shadow_balloon.png; sourceTree = "<group>"; };
		C9B9999F277C37A30084CFF6 /* map_pinup.png */ = {isa = PBXFileReference; lastKnownFileType = image.png; path = map_pinup.png; sourceTree = "<group>"; };
		C9B999A0277C37A30084CFF6 /* detail_button.png */ = {isa = PBXFileReference; lastKnownFileType = image.png; path = detail_button.png; sourceTree = "<group>"; };
		C9B999A1277C37A30084CFF6 /* map_pin_custom@3x.png */ = {isa = PBXFileReference; lastKnownFileType = image.png; path = "map_pin_custom@3x.png"; sourceTree = "<group>"; };
		C9B999A2277C37A30084CFF6 /* map_pinup@3x.png */ = {isa = PBXFileReference; lastKnownFileType = image.png; path = "map_pinup@3x.png"; sourceTree = "<group>"; };
		C9B999A3277C37A30084CFF6 /* map_pin_shadow@3x.png */ = {isa = PBXFileReference; lastKnownFileType = image.png; path = "map_pin_shadow@3x.png"; sourceTree = "<group>"; };
		C9B999A4277C37A30084CFF6 /* copyright.png */ = {isa = PBXFileReference; lastKnownFileType = image.png; path = copyright.png; sourceTree = "<group>"; };
		C9B999A5277C37A30084CFF6 /* th_line.png */ = {isa = PBXFileReference; lastKnownFileType = image.png; path = th_line.png; sourceTree = "<group>"; };
		C9B999A6277C37A30084CFF6 /* map_pin_red@3x.png */ = {isa = PBXFileReference; lastKnownFileType = image.png; path = "map_pin_red@3x.png"; sourceTree = "<group>"; };
		C9B999A7277C37A30084CFF6 /* daum_copyright.png */ = {isa = PBXFileReference; lastKnownFileType = image.png; path = daum_copyright.png; sourceTree = "<group>"; };
		C9B999A8277C37A30084CFF6 /* map_pin@3x.png */ = {isa = PBXFileReference; lastKnownFileType = image.png; path = "map_pin@3x.png"; sourceTree = "<group>"; };
		C9B999A9277C37A30084CFF6 /* map_present_tracking.png */ = {isa = PBXFileReference; lastKnownFileType = image.png; path = map_present_tracking.png; sourceTree = "<group>"; };
		C9B999AA277C37A30084CFF6 /* map_pin_red.png */ = {isa = PBXFileReference; lastKnownFileType = image.png; path = map_pin_red.png; sourceTree = "<group>"; };
		C9B999AC277C37A30084CFF6 /* MTMapPOIItem.h */ = {isa = PBXFileReference; fileEncoding = 4; lastKnownFileType = sourcecode.c.h; path = MTMapPOIItem.h; sourceTree = "<group>"; };
		C9B999AD277C37A30084CFF6 /* MTMapCameraUpdate.h */ = {isa = PBXFileReference; fileEncoding = 4; lastKnownFileType = sourcecode.c.h; path = MTMapCameraUpdate.h; sourceTree = "<group>"; };
		C9B999AE277C37A30084CFF6 /* MTMapReverseGeoCoder.h */ = {isa = PBXFileReference; fileEncoding = 4; lastKnownFileType = sourcecode.c.h; path = MTMapReverseGeoCoder.h; sourceTree = "<group>"; };
		C9B999AF277C37A30084CFF6 /* MTMapPolyline.h */ = {isa = PBXFileReference; fileEncoding = 4; lastKnownFileType = sourcecode.c.h; path = MTMapPolyline.h; sourceTree = "<group>"; };
		C9B999B0277C37A30084CFF6 /* MTMapLocationMarkerItem.h */ = {isa = PBXFileReference; fileEncoding = 4; lastKnownFileType = sourcecode.c.h; path = MTMapLocationMarkerItem.h; sourceTree = "<group>"; };
		C9B999B1277C37A30084CFF6 /* MTMapView.h */ = {isa = PBXFileReference; fileEncoding = 4; lastKnownFileType = sourcecode.c.h; path = MTMapView.h; sourceTree = "<group>"; };
		C9B999B2277C37A30084CFF6 /* MTMapGeometry.h */ = {isa = PBXFileReference; fileEncoding = 4; lastKnownFileType = sourcecode.c.h; path = MTMapGeometry.h; sourceTree = "<group>"; };
		C9B999B3277C37A30084CFF6 /* MTMapCircle.h */ = {isa = PBXFileReference; fileEncoding = 4; lastKnownFileType = sourcecode.c.h; path = MTMapCircle.h; sourceTree = "<group>"; };
		C9B999B4277C37A30084CFF6 /* info_box.png */ = {isa = PBXFileReference; lastKnownFileType = image.png; path = info_box.png; sourceTree = "<group>"; };
		C9B999B5277C37A30084CFF6 /* point_sprite.png */ = {isa = PBXFileReference; lastKnownFileType = image.png; path = point_sprite.png; sourceTree = "<group>"; };
		C9B999B6277C37A30084CFF6 /* map_pinup_custom.png */ = {isa = PBXFileReference; lastKnownFileType = image.png; path = map_pinup_custom.png; sourceTree = "<group>"; };
		C9B999B7277C37A30084CFF6 /* info_box_tail.png */ = {isa = PBXFileReference; lastKnownFileType = image.png; path = info_box_tail.png; sourceTree = "<group>"; };
		C9B999B8277C37A30084CFF6 /* noimage256.png */ = {isa = PBXFileReference; lastKnownFileType = image.png; path = noimage256.png; sourceTree = "<group>"; };
		C9B999B9277C37A30084CFF6 /* map_present_direction.png */ = {isa = PBXFileReference; lastKnownFileType = image.png; path = map_present_direction.png; sourceTree = "<group>"; };
		C9B999BA277C37A30084CFF6 /* map_pin.png */ = {isa = PBXFileReference; lastKnownFileType = image.png; path = map_pin.png; sourceTree = "<group>"; };
		C9B999BB277C37A30084CFF6 /* map_present.png */ = {isa = PBXFileReference; lastKnownFileType = image.png; path = map_present.png; sourceTree = "<group>"; };
		C9B999BC277C37A30084CFF6 /* noimage.png */ = {isa = PBXFileReference; lastKnownFileType = image.png; path = noimage.png; sourceTree = "<group>"; };
		C9B999BD277C37A30084CFF6 /* map_present_background_update.png */ = {isa = PBXFileReference; lastKnownFileType = image.png; path = map_present_background_update.png; sourceTree = "<group>"; };
		C9B999BE277C37A30084CFF6 /* daum_th_line.png */ = {isa = PBXFileReference; lastKnownFileType = image.png; path = daum_th_line.png; sourceTree = "<group>"; };
		C9B999BF277C37A30084CFF6 /* map_pin_shadow.png */ = {isa = PBXFileReference; lastKnownFileType = image.png; path = map_pin_shadow.png; sourceTree = "<group>"; };
		C9B999C0277C37A30084CFF6 /* DaumMap.framework */ = {isa = PBXFileReference; lastKnownFileType = wrapper.framework; path = DaumMap.framework; sourceTree = "<group>"; };
		C9B999E2277CCEAD0084CFF6 /* libxml2.tbd */ = {isa = PBXFileReference; lastKnownFileType = "sourcecode.text-based-dylib-definition"; name = libxml2.tbd; path = usr/lib/libxml2.tbd; sourceTree = SDKROOT; };
		C9B999E4277CCEC10084CFF6 /* libc++.tbd */ = {isa = PBXFileReference; lastKnownFileType = "sourcecode.text-based-dylib-definition"; name = "libc++.tbd"; path = "usr/lib/libc++.tbd"; sourceTree = SDKROOT; };
		C9B999E6277CCED00084CFF6 /* libsqlite3.tbd */ = {isa = PBXFileReference; lastKnownFileType = "sourcecode.text-based-dylib-definition"; name = libsqlite3.tbd; path = usr/lib/libsqlite3.tbd; sourceTree = SDKROOT; };
		C9B999E7277CCEE50084CFF6 /* QuartzCore.framework */ = {isa = PBXFileReference; lastKnownFileType = wrapper.framework; name = QuartzCore.framework; path = System/Library/Frameworks/QuartzCore.framework; sourceTree = SDKROOT; };
		C9B999E9277CCEEF0084CFF6 /* CoreLocation.framework */ = {isa = PBXFileReference; lastKnownFileType = wrapper.framework; name = CoreLocation.framework; path = System/Library/Frameworks/CoreLocation.framework; sourceTree = SDKROOT; };
		C9B999EB277CCEF80084CFF6 /* SystemConfiguration.framework */ = {isa = PBXFileReference; lastKnownFileType = wrapper.framework; name = SystemConfiguration.framework; path = System/Library/Frameworks/SystemConfiguration.framework; sourceTree = SDKROOT; };
		C9B999ED277CCEFD0084CFF6 /* OpenGLES.framework */ = {isa = PBXFileReference; lastKnownFileType = wrapper.framework; name = OpenGLES.framework; path = System/Library/Frameworks/OpenGLES.framework; sourceTree = SDKROOT; };
		C9B999EF277CCF100084CFF6 /* BridgeHeader.h */ = {isa = PBXFileReference; lastKnownFileType = sourcecode.c.h; path = BridgeHeader.h; sourceTree = "<group>"; };
		C9B999F0277CD16E0084CFF6 /* LocationMapViewController.swift */ = {isa = PBXFileReference; lastKnownFileType = sourcecode.swift; path = LocationMapViewController.swift; sourceTree = "<group>"; };
		C9B999F2277CD3D70084CFF6 /* Constants.swift */ = {isa = PBXFileReference; lastKnownFileType = sourcecode.swift; path = Constants.swift; sourceTree = "<group>"; };
		C9B999F4277CD3E30084CFF6 /* LocalAPI.swift */ = {isa = PBXFileReference; lastKnownFileType = sourcecode.swift; path = LocalAPI.swift; sourceTree = "<group>"; };
		C9B999F7277CD4760084CFF6 /* LocationData.swift */ = {isa = PBXFileReference; lastKnownFileType = sourcecode.swift; path = LocationData.swift; sourceTree = "<group>"; };
		C9B999FA277CD9210084CFF6 /* LocalNetwork.swift */ = {isa = PBXFileReference; lastKnownFileType = sourcecode.swift; path = LocalNetwork.swift; sourceTree = "<group>"; };
		C9B999FC277CE3040084CFF6 /* LocationMapViewModel.swift */ = {isa = PBXFileReference; lastKnownFileType = sourcecode.swift; path = LocationMapViewModel.swift; sourceTree = "<group>"; };
		C9B999FE277CE4B70084CFF6 /* DetailTableViewCell.swift */ = {isa = PBXFileReference; lastKnownFileType = sourcecode.swift; path = DetailTableViewCell.swift; sourceTree = "<group>"; };
		C9B99A08277D71050084CFF6 /* CategoryCollectionViewCell.swift */ = {isa = PBXFileReference; lastKnownFileType = sourcecode.swift; path = CategoryCollectionViewCell.swift; sourceTree = "<group>"; };
		D857A9CE6FFBCC14A97DE944 /* Pods_FindFacilities_FindFacilitiesUITests.framework */ = {isa = PBXFileReference; explicitFileType = wrapper.framework; includeInIndex = 0; path = Pods_FindFacilities_FindFacilitiesUITests.framework; sourceTree = BUILT_PRODUCTS_DIR; };
		DAF59E8D8DCFED4C1CC22184 /* Pods-FindFacilities-FindFacilitiesUITests.debug.xcconfig */ = {isa = PBXFileReference; includeInIndex = 1; lastKnownFileType = text.xcconfig; name = "Pods-FindFacilities-FindFacilitiesUITests.debug.xcconfig"; path = "Target Support Files/Pods-FindFacilities-FindFacilitiesUITests/Pods-FindFacilities-FindFacilitiesUITests.debug.xcconfig"; sourceTree = "<group>"; };
		EB48B936BA08F9F8D31FE3C6 /* Pods_FindFacilities.framework */ = {isa = PBXFileReference; explicitFileType = wrapper.framework; includeInIndex = 0; path = Pods_FindFacilities.framework; sourceTree = BUILT_PRODUCTS_DIR; };
		EEAFC37EA3FF821D5998D58A /* Pods-FindFacilities.release.xcconfig */ = {isa = PBXFileReference; includeInIndex = 1; lastKnownFileType = text.xcconfig; name = "Pods-FindFacilities.release.xcconfig"; path = "Target Support Files/Pods-FindFacilities/Pods-FindFacilities.release.xcconfig"; sourceTree = "<group>"; };
/* End PBXFileReference section */

/* Begin PBXFrameworksBuildPhase section */
		C9B99964277C32360084CFF6 /* Frameworks */ = {
			isa = PBXFrameworksBuildPhase;
			buildActionMask = 2147483647;
			files = (
				C9B99A03277CE5630084CFF6 /* libc++.tbd in Frameworks */,
				C9B99A04277CE5680084CFF6 /* libsqlite3.tbd in Frameworks */,
				C9B99A05277CE56F0084CFF6 /* libxml2.tbd in Frameworks */,
				C9B99A00277CE53C0084CFF6 /* DaumMap.framework in Frameworks */,
				C9B999EA277CCEEF0084CFF6 /* CoreLocation.framework in Frameworks */,
				C9B999EC277CCEF80084CFF6 /* SystemConfiguration.framework in Frameworks */,
				C9B999E8277CCEE50084CFF6 /* QuartzCore.framework in Frameworks */,
				C9B999EE277CCEFD0084CFF6 /* OpenGLES.framework in Frameworks */,
				18708AE47A4C11FBF78F8F14 /* Pods_FindFacilities.framework in Frameworks */,
			);
			runOnlyForDeploymentPostprocessing = 0;
		};
		C9B9997A277C32370084CFF6 /* Frameworks */ = {
			isa = PBXFrameworksBuildPhase;
			buildActionMask = 2147483647;
			files = (
				C9B999DC277C37A30084CFF6 /* DaumMap.framework in Frameworks */,
				E0CF072091FFF4996A9ACFB2 /* Pods_FindFacilitiesTests.framework in Frameworks */,
			);
			runOnlyForDeploymentPostprocessing = 0;
		};
		C9B99984277C32370084CFF6 /* Frameworks */ = {
			isa = PBXFrameworksBuildPhase;
			buildActionMask = 2147483647;
			files = (
				E12C1178184C4514E4F67F61 /* Pods_FindFacilities_FindFacilitiesUITests.framework in Frameworks */,
			);
			runOnlyForDeploymentPostprocessing = 0;
		};
/* End PBXFrameworksBuildPhase section */

/* Begin PBXGroup section */
		412E3D05659B70A24B8E0911 /* Pods */ = {
			isa = PBXGroup;
			children = (
				56C4C4138005E5BFAD46AE49 /* Pods-FindFacilities.debug.xcconfig */,
				EEAFC37EA3FF821D5998D58A /* Pods-FindFacilities.release.xcconfig */,
				DAF59E8D8DCFED4C1CC22184 /* Pods-FindFacilities-FindFacilitiesUITests.debug.xcconfig */,
				6829FFAA9980C4EC1FEFE88C /* Pods-FindFacilities-FindFacilitiesUITests.release.xcconfig */,
				BE81531E3115F1B175800B60 /* Pods-FindFacilitiesTests.debug.xcconfig */,
				2076CFAC04C92EB3FC11E093 /* Pods-FindFacilitiesTests.release.xcconfig */,
			);
			path = Pods;
			sourceTree = "<group>";
		};
		9C83BDA9AAFC1D11842CFCA5 /* Frameworks */ = {
			isa = PBXGroup;
			children = (
				C9B999ED277CCEFD0084CFF6 /* OpenGLES.framework */,
				C9B999EB277CCEF80084CFF6 /* SystemConfiguration.framework */,
				C9B999E9277CCEEF0084CFF6 /* CoreLocation.framework */,
				C9B999E7277CCEE50084CFF6 /* QuartzCore.framework */,
				C9B999E6277CCED00084CFF6 /* libsqlite3.tbd */,
				C9B999E4277CCEC10084CFF6 /* libc++.tbd */,
				C9B999E2277CCEAD0084CFF6 /* libxml2.tbd */,
				C9B9999A277C37A30084CFF6 /* DaumMap.embeddedframework */,
				EB48B936BA08F9F8D31FE3C6 /* Pods_FindFacilities.framework */,
				D857A9CE6FFBCC14A97DE944 /* Pods_FindFacilities_FindFacilitiesUITests.framework */,
				709057433293FA3F761B00B0 /* Pods_FindFacilitiesTests.framework */,
			);
			name = Frameworks;
			sourceTree = "<group>";
		};
		C9B9995E277C32360084CFF6 = {
			isa = PBXGroup;
			children = (
				C9B99969277C32360084CFF6 /* FindFacilities */,
				C9B99980277C32370084CFF6 /* FindFacilitiesTests */,
				C9B9998A277C32370084CFF6 /* FindFacilitiesUITests */,
				C9B99968277C32360084CFF6 /* Products */,
				412E3D05659B70A24B8E0911 /* Pods */,
				9C83BDA9AAFC1D11842CFCA5 /* Frameworks */,
			);
			sourceTree = "<group>";
		};
		C9B99968277C32360084CFF6 /* Products */ = {
			isa = PBXGroup;
			children = (
				C9B99967277C32360084CFF6 /* FindFacilities.app */,
				C9B9997D277C32370084CFF6 /* FindFacilitiesTests.xctest */,
				C9B99987277C32370084CFF6 /* FindFacilitiesUITests.xctest */,
			);
			name = Products;
			sourceTree = "<group>";
		};
		C9B99969277C32360084CFF6 /* FindFacilities */ = {
			isa = PBXGroup;
			children = (
				C9B999EF277CCF100084CFF6 /* BridgeHeader.h */,
				C9B9996A277C32360084CFF6 /* AppDelegate.swift */,
				C9B9996C277C32360084CFF6 /* SceneDelegate.swift */,
				C9B99A06277D70D20084CFF6 /* Presentation */,
				C9B999F2277CD3D70084CFF6 /* Constants.swift */,
				C9B999F9277CD47C0084CFF6 /* Entities */,
				C9B999F6277CD3E80084CFF6 /* Network */,
				C9B99973277C32370084CFF6 /* Assets.xcassets */,
				C9B99975277C32370084CFF6 /* LaunchScreen.storyboard */,
				C9B99978277C32370084CFF6 /* Info.plist */,
			);
			path = FindFacilities;
			sourceTree = "<group>";
		};
		C9B99980277C32370084CFF6 /* FindFacilitiesTests */ = {
			isa = PBXGroup;
			children = (
				C9B99981277C32370084CFF6 /* FindFacilitiesTests.swift */,
			);
			path = FindFacilitiesTests;
			sourceTree = "<group>";
		};
		C9B9998A277C32370084CFF6 /* FindFacilitiesUITests */ = {
			isa = PBXGroup;
			children = (
				C9B9998B277C32370084CFF6 /* FindFacilitiesUITests.swift */,
				C9B9998D277C32370084CFF6 /* FindFacilitiesUITestsLaunchTests.swift */,
			);
			path = FindFacilitiesUITests;
			sourceTree = "<group>";
		};
		C9B9999A277C37A30084CFF6 /* DaumMap.embeddedframework */ = {
			isa = PBXGroup;
			children = (
				C9B9999B277C37A30084CFF6 /* Resources */,
				C9B999C0277C37A30084CFF6 /* DaumMap.framework */,
			);
			path = DaumMap.embeddedframework;
			sourceTree = "<group>";
		};
		C9B9999B277C37A30084CFF6 /* Resources */ = {
			isa = PBXGroup;
			children = (
				C9B9999C277C37A30084CFF6 /* map_pinup_custom@3x.png */,
				C9B9999D277C37A30084CFF6 /* map_pin_custom.png */,
				C9B9999E277C37A30084CFF6 /* shadow_balloon.png */,
				C9B9999F277C37A30084CFF6 /* map_pinup.png */,
				C9B999A0277C37A30084CFF6 /* detail_button.png */,
				C9B999A1277C37A30084CFF6 /* map_pin_custom@3x.png */,
				C9B999A2277C37A30084CFF6 /* map_pinup@3x.png */,
				C9B999A3277C37A30084CFF6 /* map_pin_shadow@3x.png */,
				C9B999A4277C37A30084CFF6 /* copyright.png */,
				C9B999A5277C37A30084CFF6 /* th_line.png */,
				C9B999A6277C37A30084CFF6 /* map_pin_red@3x.png */,
				C9B999A7277C37A30084CFF6 /* daum_copyright.png */,
				C9B999A8277C37A30084CFF6 /* map_pin@3x.png */,
				C9B999A9277C37A30084CFF6 /* map_present_tracking.png */,
				C9B999AA277C37A30084CFF6 /* map_pin_red.png */,
				C9B999AB277C37A30084CFF6 /* Headers */,
				C9B999B4277C37A30084CFF6 /* info_box.png */,
				C9B999B5277C37A30084CFF6 /* point_sprite.png */,
				C9B999B6277C37A30084CFF6 /* map_pinup_custom.png */,
				C9B999B7277C37A30084CFF6 /* info_box_tail.png */,
				C9B999B8277C37A30084CFF6 /* noimage256.png */,
				C9B999B9277C37A30084CFF6 /* map_present_direction.png */,
				C9B999BA277C37A30084CFF6 /* map_pin.png */,
				C9B999BB277C37A30084CFF6 /* map_present.png */,
				C9B999BC277C37A30084CFF6 /* noimage.png */,
				C9B999BD277C37A30084CFF6 /* map_present_background_update.png */,
				C9B999BE277C37A30084CFF6 /* daum_th_line.png */,
				C9B999BF277C37A30084CFF6 /* map_pin_shadow.png */,
			);
			path = Resources;
			sourceTree = "<group>";
		};
		C9B999AB277C37A30084CFF6 /* Headers */ = {
			isa = PBXGroup;
			children = (
				C9B999AC277C37A30084CFF6 /* MTMapPOIItem.h */,
				C9B999AD277C37A30084CFF6 /* MTMapCameraUpdate.h */,
				C9B999AE277C37A30084CFF6 /* MTMapReverseGeoCoder.h */,
				C9B999AF277C37A30084CFF6 /* MTMapPolyline.h */,
				C9B999B0277C37A30084CFF6 /* MTMapLocationMarkerItem.h */,
				C9B999B1277C37A30084CFF6 /* MTMapView.h */,
				C9B999B2277C37A30084CFF6 /* MTMapGeometry.h */,
				C9B999B3277C37A30084CFF6 /* MTMapCircle.h */,
			);
			path = Headers;
			sourceTree = "<group>";
		};
		C9B999F6277CD3E80084CFF6 /* Network */ = {
			isa = PBXGroup;
			children = (
				C9B999F4277CD3E30084CFF6 /* LocalAPI.swift */,
				C9B999FA277CD9210084CFF6 /* LocalNetwork.swift */,
			);
			path = Network;
			sourceTree = "<group>";
		};
		C9B999F9277CD47C0084CFF6 /* Entities */ = {
			isa = PBXGroup;
			children = (
				C9B999F7277CD4760084CFF6 /* LocationData.swift */,
				C90596E6278C03980032E3D5 /* Category.swift */,
				C90596EA278C6A8B0032E3D5 /* DetailListCellData.swift */,
			);
			path = Entities;
			sourceTree = "<group>";
		};
		C9B99A06277D70D20084CFF6 /* Presentation */ = {
			isa = PBXGroup;
			children = (
				C9B99A07277D70E70084CFF6 /* LocationMap */,
				C9B999FE277CE4B70084CFF6 /* DetailTableViewCell.swift */,
				C9B99A08277D71050084CFF6 /* CategoryCollectionViewCell.swift */,
			);
			path = Presentation;
			sourceTree = "<group>";
		};
		C9B99A07277D70E70084CFF6 /* LocationMap */ = {
			isa = PBXGroup;
			children = (
				C9B999F0277CD16E0084CFF6 /* LocationMapViewController.swift */,
				C9B999FC277CE3040084CFF6 /* LocationMapViewModel.swift */,
				C90596E8278C0DE20032E3D5 /* LocationMapModel.swift */,
			);
			path = LocationMap;
			sourceTree = "<group>";
		};
/* End PBXGroup section */

/* Begin PBXNativeTarget section */
		C9B99966277C32360084CFF6 /* FindFacilities */ = {
			isa = PBXNativeTarget;
			buildConfigurationList = C9B99991277C32370084CFF6 /* Build configuration list for PBXNativeTarget "FindFacilities" */;
			buildPhases = (
				826D26F1983BFE14B217780C /* [CP] Check Pods Manifest.lock */,
				C9B99963277C32360084CFF6 /* Sources */,
				C9B99964277C32360084CFF6 /* Frameworks */,
				C9B99965277C32360084CFF6 /* Resources */,
				03E6599DF43D75341F377D7A /* [CP] Embed Pods Frameworks */,
				C9B99A02277CE53C0084CFF6 /* Embed Frameworks */,
			);
			buildRules = (
			);
			dependencies = (
			);
			name = FindFacilities;
			productName = FindFacilities;
			productReference = C9B99967277C32360084CFF6 /* FindFacilities.app */;
			productType = "com.apple.product-type.application";
		};
		C9B9997C277C32370084CFF6 /* FindFacilitiesTests */ = {
			isa = PBXNativeTarget;
			buildConfigurationList = C9B99994277C32370084CFF6 /* Build configuration list for PBXNativeTarget "FindFacilitiesTests" */;
			buildPhases = (
				EEFFDD4A2A73BB6BA4B03022 /* [CP] Check Pods Manifest.lock */,
				C9B99979277C32370084CFF6 /* Sources */,
				C9B9997A277C32370084CFF6 /* Frameworks */,
				C9B9997B277C32370084CFF6 /* Resources */,
				2A91F45ACED2048F8D80F4B6 /* [CP] Embed Pods Frameworks */,
			);
			buildRules = (
			);
			dependencies = (
				C9B9997F277C32370084CFF6 /* PBXTargetDependency */,
			);
			name = FindFacilitiesTests;
			productName = FindFacilitiesTests;
			productReference = C9B9997D277C32370084CFF6 /* FindFacilitiesTests.xctest */;
			productType = "com.apple.product-type.bundle.unit-test";
		};
		C9B99986277C32370084CFF6 /* FindFacilitiesUITests */ = {
			isa = PBXNativeTarget;
			buildConfigurationList = C9B99997277C32370084CFF6 /* Build configuration list for PBXNativeTarget "FindFacilitiesUITests" */;
			buildPhases = (
				5BD1FA0AE99AC45D32FBC1C0 /* [CP] Check Pods Manifest.lock */,
				C9B99983277C32370084CFF6 /* Sources */,
				C9B99984277C32370084CFF6 /* Frameworks */,
				C9B99985277C32370084CFF6 /* Resources */,
				077632A4FA949C3DB51B1C04 /* [CP] Embed Pods Frameworks */,
			);
			buildRules = (
			);
			dependencies = (
				C9B99989277C32370084CFF6 /* PBXTargetDependency */,
			);
			name = FindFacilitiesUITests;
			productName = FindFacilitiesUITests;
			productReference = C9B99987277C32370084CFF6 /* FindFacilitiesUITests.xctest */;
			productType = "com.apple.product-type.bundle.ui-testing";
		};
/* End PBXNativeTarget section */

/* Begin PBXProject section */
		C9B9995F277C32360084CFF6 /* Project object */ = {
			isa = PBXProject;
			attributes = {
				BuildIndependentTargetsInParallel = 1;
				LastSwiftUpdateCheck = 1320;
				LastUpgradeCheck = 1320;
				TargetAttributes = {
					C9B99966277C32360084CFF6 = {
						CreatedOnToolsVersion = 13.2.1;
					};
					C9B9997C277C32370084CFF6 = {
						CreatedOnToolsVersion = 13.2.1;
						TestTargetID = C9B99966277C32360084CFF6;
					};
					C9B99986277C32370084CFF6 = {
						CreatedOnToolsVersion = 13.2.1;
						TestTargetID = C9B99966277C32360084CFF6;
					};
				};
			};
			buildConfigurationList = C9B99962277C32360084CFF6 /* Build configuration list for PBXProject "FindFacilities" */;
			compatibilityVersion = "Xcode 13.0";
			developmentRegion = en;
			hasScannedForEncodings = 0;
			knownRegions = (
				en,
				Base,
			);
			mainGroup = C9B9995E277C32360084CFF6;
			productRefGroup = C9B99968277C32360084CFF6 /* Products */;
			projectDirPath = "";
			projectRoot = "";
			targets = (
				C9B99966277C32360084CFF6 /* FindFacilities */,
				C9B9997C277C32370084CFF6 /* FindFacilitiesTests */,
				C9B99986277C32370084CFF6 /* FindFacilitiesUITests */,
			);
		};
/* End PBXProject section */

/* Begin PBXResourcesBuildPhase section */
		C9B99965277C32360084CFF6 /* Resources */ = {
			isa = PBXResourcesBuildPhase;
			buildActionMask = 2147483647;
			files = (
				C9B99977277C32370084CFF6 /* LaunchScreen.storyboard in Resources */,
				C9B99974277C32370084CFF6 /* Assets.xcassets in Resources */,
			);
			runOnlyForDeploymentPostprocessing = 0;
		};
		C9B9997B277C32370084CFF6 /* Resources */ = {
			isa = PBXResourcesBuildPhase;
			buildActionMask = 2147483647;
			files = (
				C9B999C3277C37A30084CFF6 /* shadow_balloon.png in Resources */,
				C9B999D9277C37A30084CFF6 /* map_present_background_update.png in Resources */,
				C9B999CA277C37A30084CFF6 /* th_line.png in Resources */,
				C9B999C4277C37A30084CFF6 /* map_pinup.png in Resources */,
				C9B999D0277C37A30084CFF6 /* info_box.png in Resources */,
				C9B999D1277C37A30084CFF6 /* point_sprite.png in Resources */,
				C9B999CB277C37A30084CFF6 /* map_pin_red@3x.png in Resources */,
				C9B999D4277C37A30084CFF6 /* noimage256.png in Resources */,
				C9B999C1277C37A30084CFF6 /* map_pinup_custom@3x.png in Resources */,
				C9B999C5277C37A30084CFF6 /* detail_button.png in Resources */,
				C9B999D7277C37A30084CFF6 /* map_present.png in Resources */,
				C9B999D2277C37A30084CFF6 /* map_pinup_custom.png in Resources */,
				C9B999DB277C37A30084CFF6 /* map_pin_shadow.png in Resources */,
				C9B999C9277C37A30084CFF6 /* copyright.png in Resources */,
				C9B999C8277C37A30084CFF6 /* map_pin_shadow@3x.png in Resources */,
				C9B999DA277C37A30084CFF6 /* daum_th_line.png in Resources */,
				C9B999D6277C37A30084CFF6 /* map_pin.png in Resources */,
				C9B999D8277C37A30084CFF6 /* noimage.png in Resources */,
				C9B999CF277C37A30084CFF6 /* map_pin_red.png in Resources */,
				C9B999CD277C37A30084CFF6 /* map_pin@3x.png in Resources */,
				C9B999CC277C37A30084CFF6 /* daum_copyright.png in Resources */,
				C9B999D5277C37A30084CFF6 /* map_present_direction.png in Resources */,
				C9B999D3277C37A30084CFF6 /* info_box_tail.png in Resources */,
				C9B999C2277C37A30084CFF6 /* map_pin_custom.png in Resources */,
				C9B999C6277C37A30084CFF6 /* map_pin_custom@3x.png in Resources */,
				C9B999C7277C37A30084CFF6 /* map_pinup@3x.png in Resources */,
				C9B999CE277C37A30084CFF6 /* map_present_tracking.png in Resources */,
			);
			runOnlyForDeploymentPostprocessing = 0;
		};
		C9B99985277C32370084CFF6 /* Resources */ = {
			isa = PBXResourcesBuildPhase;
			buildActionMask = 2147483647;
			files = (
			);
			runOnlyForDeploymentPostprocessing = 0;
		};
/* End PBXResourcesBuildPhase section */

/* Begin PBXShellScriptBuildPhase section */
		03E6599DF43D75341F377D7A /* [CP] Embed Pods Frameworks */ = {
			isa = PBXShellScriptBuildPhase;
			buildActionMask = 2147483647;
			files = (
			);
			inputFileListPaths = (
				"${PODS_ROOT}/Target Support Files/Pods-FindFacilities/Pods-FindFacilities-frameworks-${CONFIGURATION}-input-files.xcfilelist",
			);
			name = "[CP] Embed Pods Frameworks";
			outputFileListPaths = (
				"${PODS_ROOT}/Target Support Files/Pods-FindFacilities/Pods-FindFacilities-frameworks-${CONFIGURATION}-output-files.xcfilelist",
			);
			runOnlyForDeploymentPostprocessing = 0;
			shellPath = /bin/sh;
			shellScript = "\"${PODS_ROOT}/Target Support Files/Pods-FindFacilities/Pods-FindFacilities-frameworks.sh\"\n";
			showEnvVarsInLog = 0;
		};
		077632A4FA949C3DB51B1C04 /* [CP] Embed Pods Frameworks */ = {
			isa = PBXShellScriptBuildPhase;
			buildActionMask = 2147483647;
			files = (
			);
			inputFileListPaths = (
				"${PODS_ROOT}/Target Support Files/Pods-FindFacilities-FindFacilitiesUITests/Pods-FindFacilities-FindFacilitiesUITests-frameworks-${CONFIGURATION}-input-files.xcfilelist",
			);
			name = "[CP] Embed Pods Frameworks";
			outputFileListPaths = (
				"${PODS_ROOT}/Target Support Files/Pods-FindFacilities-FindFacilitiesUITests/Pods-FindFacilities-FindFacilitiesUITests-frameworks-${CONFIGURATION}-output-files.xcfilelist",
			);
			runOnlyForDeploymentPostprocessing = 0;
			shellPath = /bin/sh;
			shellScript = "\"${PODS_ROOT}/Target Support Files/Pods-FindFacilities-FindFacilitiesUITests/Pods-FindFacilities-FindFacilitiesUITests-frameworks.sh\"\n";
			showEnvVarsInLog = 0;
		};
		2A91F45ACED2048F8D80F4B6 /* [CP] Embed Pods Frameworks */ = {
			isa = PBXShellScriptBuildPhase;
			buildActionMask = 2147483647;
			files = (
			);
			inputFileListPaths = (
				"${PODS_ROOT}/Target Support Files/Pods-FindFacilitiesTests/Pods-FindFacilitiesTests-frameworks-${CONFIGURATION}-input-files.xcfilelist",
			);
			name = "[CP] Embed Pods Frameworks";
			outputFileListPaths = (
				"${PODS_ROOT}/Target Support Files/Pods-FindFacilitiesTests/Pods-FindFacilitiesTests-frameworks-${CONFIGURATION}-output-files.xcfilelist",
			);
			runOnlyForDeploymentPostprocessing = 0;
			shellPath = /bin/sh;
			shellScript = "\"${PODS_ROOT}/Target Support Files/Pods-FindFacilitiesTests/Pods-FindFacilitiesTests-frameworks.sh\"\n";
			showEnvVarsInLog = 0;
		};
		5BD1FA0AE99AC45D32FBC1C0 /* [CP] Check Pods Manifest.lock */ = {
			isa = PBXShellScriptBuildPhase;
			buildActionMask = 2147483647;
			files = (
			);
			inputFileListPaths = (
			);
			inputPaths = (
				"${PODS_PODFILE_DIR_PATH}/Podfile.lock",
				"${PODS_ROOT}/Manifest.lock",
			);
			name = "[CP] Check Pods Manifest.lock";
			outputFileListPaths = (
			);
			outputPaths = (
				"$(DERIVED_FILE_DIR)/Pods-FindFacilities-FindFacilitiesUITests-checkManifestLockResult.txt",
			);
			runOnlyForDeploymentPostprocessing = 0;
			shellPath = /bin/sh;
			shellScript = "diff \"${PODS_PODFILE_DIR_PATH}/Podfile.lock\" \"${PODS_ROOT}/Manifest.lock\" > /dev/null\nif [ $? != 0 ] ; then\n    # print error to STDERR\n    echo \"error: The sandbox is not in sync with the Podfile.lock. Run 'pod install' or update your CocoaPods installation.\" >&2\n    exit 1\nfi\n# This output is used by Xcode 'outputs' to avoid re-running this script phase.\necho \"SUCCESS\" > \"${SCRIPT_OUTPUT_FILE_0}\"\n";
			showEnvVarsInLog = 0;
		};
		826D26F1983BFE14B217780C /* [CP] Check Pods Manifest.lock */ = {
			isa = PBXShellScriptBuildPhase;
			buildActionMask = 2147483647;
			files = (
			);
			inputFileListPaths = (
			);
			inputPaths = (
				"${PODS_PODFILE_DIR_PATH}/Podfile.lock",
				"${PODS_ROOT}/Manifest.lock",
			);
			name = "[CP] Check Pods Manifest.lock";
			outputFileListPaths = (
			);
			outputPaths = (
				"$(DERIVED_FILE_DIR)/Pods-FindFacilities-checkManifestLockResult.txt",
			);
			runOnlyForDeploymentPostprocessing = 0;
			shellPath = /bin/sh;
			shellScript = "diff \"${PODS_PODFILE_DIR_PATH}/Podfile.lock\" \"${PODS_ROOT}/Manifest.lock\" > /dev/null\nif [ $? != 0 ] ; then\n    # print error to STDERR\n    echo \"error: The sandbox is not in sync with the Podfile.lock. Run 'pod install' or update your CocoaPods installation.\" >&2\n    exit 1\nfi\n# This output is used by Xcode 'outputs' to avoid re-running this script phase.\necho \"SUCCESS\" > \"${SCRIPT_OUTPUT_FILE_0}\"\n";
			showEnvVarsInLog = 0;
		};
		EEFFDD4A2A73BB6BA4B03022 /* [CP] Check Pods Manifest.lock */ = {
			isa = PBXShellScriptBuildPhase;
			buildActionMask = 2147483647;
			files = (
			);
			inputFileListPaths = (
			);
			inputPaths = (
				"${PODS_PODFILE_DIR_PATH}/Podfile.lock",
				"${PODS_ROOT}/Manifest.lock",
			);
			name = "[CP] Check Pods Manifest.lock";
			outputFileListPaths = (
			);
			outputPaths = (
				"$(DERIVED_FILE_DIR)/Pods-FindFacilitiesTests-checkManifestLockResult.txt",
			);
			runOnlyForDeploymentPostprocessing = 0;
			shellPath = /bin/sh;
			shellScript = "diff \"${PODS_PODFILE_DIR_PATH}/Podfile.lock\" \"${PODS_ROOT}/Manifest.lock\" > /dev/null\nif [ $? != 0 ] ; then\n    # print error to STDERR\n    echo \"error: The sandbox is not in sync with the Podfile.lock. Run 'pod install' or update your CocoaPods installation.\" >&2\n    exit 1\nfi\n# This output is used by Xcode 'outputs' to avoid re-running this script phase.\necho \"SUCCESS\" > \"${SCRIPT_OUTPUT_FILE_0}\"\n";
			showEnvVarsInLog = 0;
		};
/* End PBXShellScriptBuildPhase section */

/* Begin PBXSourcesBuildPhase section */
		C9B99963277C32360084CFF6 /* Sources */ = {
			isa = PBXSourcesBuildPhase;
			buildActionMask = 2147483647;
			files = (
				C9B999FF277CE4B70084CFF6 /* DetailTableViewCell.swift in Sources */,
				C90596E9278C0DE20032E3D5 /* LocationMapModel.swift in Sources */,
				C9B999FD277CE3040084CFF6 /* LocationMapViewModel.swift in Sources */,
				C9B999F8277CD4760084CFF6 /* LocationData.swift in Sources */,
				C9B9996B277C32360084CFF6 /* AppDelegate.swift in Sources */,
				C90596EB278C6A8B0032E3D5 /* DetailListCellData.swift in Sources */,
				C9B9996D277C32360084CFF6 /* SceneDelegate.swift in Sources */,
				C9B999F1277CD16E0084CFF6 /* LocationMapViewController.swift in Sources */,
				C9B99A09277D71050084CFF6 /* CategoryCollectionViewCell.swift in Sources */,
				C9B999FB277CD9210084CFF6 /* LocalNetwork.swift in Sources */,
				C9B999F5277CD3E30084CFF6 /* LocalAPI.swift in Sources */,
				C9B999F3277CD3D70084CFF6 /* Constants.swift in Sources */,
				C90596E7278C03980032E3D5 /* Category.swift in Sources */,
			);
			runOnlyForDeploymentPostprocessing = 0;
		};
		C9B99979277C32370084CFF6 /* Sources */ = {
			isa = PBXSourcesBuildPhase;
			buildActionMask = 2147483647;
			files = (
				C9B99982277C32370084CFF6 /* FindFacilitiesTests.swift in Sources */,
			);
			runOnlyForDeploymentPostprocessing = 0;
		};
		C9B99983277C32370084CFF6 /* Sources */ = {
			isa = PBXSourcesBuildPhase;
			buildActionMask = 2147483647;
			files = (
				C9B9998E277C32370084CFF6 /* FindFacilitiesUITestsLaunchTests.swift in Sources */,
				C9B9998C277C32370084CFF6 /* FindFacilitiesUITests.swift in Sources */,
			);
			runOnlyForDeploymentPostprocessing = 0;
		};
/* End PBXSourcesBuildPhase section */

/* Begin PBXTargetDependency section */
		C9B9997F277C32370084CFF6 /* PBXTargetDependency */ = {
			isa = PBXTargetDependency;
			target = C9B99966277C32360084CFF6 /* FindFacilities */;
			targetProxy = C9B9997E277C32370084CFF6 /* PBXContainerItemProxy */;
		};
		C9B99989277C32370084CFF6 /* PBXTargetDependency */ = {
			isa = PBXTargetDependency;
			target = C9B99966277C32360084CFF6 /* FindFacilities */;
			targetProxy = C9B99988277C32370084CFF6 /* PBXContainerItemProxy */;
		};
/* End PBXTargetDependency section */

/* Begin PBXVariantGroup section */
		C9B99975277C32370084CFF6 /* LaunchScreen.storyboard */ = {
			isa = PBXVariantGroup;
			children = (
				C9B99976277C32370084CFF6 /* Base */,
			);
			name = LaunchScreen.storyboard;
			sourceTree = "<group>";
		};
/* End PBXVariantGroup section */

/* Begin XCBuildConfiguration section */
		C9B9998F277C32370084CFF6 /* Debug */ = {
			isa = XCBuildConfiguration;
			buildSettings = {
				ALWAYS_SEARCH_USER_PATHS = NO;
				CLANG_ANALYZER_NONNULL = YES;
				CLANG_ANALYZER_NUMBER_OBJECT_CONVERSION = YES_AGGRESSIVE;
				CLANG_CXX_LANGUAGE_STANDARD = "gnu++17";
				CLANG_CXX_LIBRARY = "libc++";
				CLANG_ENABLE_MODULES = YES;
				CLANG_ENABLE_OBJC_ARC = NO;
				CLANG_ENABLE_OBJC_WEAK = YES;
				CLANG_WARN_BLOCK_CAPTURE_AUTORELEASING = YES;
				CLANG_WARN_BOOL_CONVERSION = YES;
				CLANG_WARN_COMMA = YES;
				CLANG_WARN_CONSTANT_CONVERSION = YES;
				CLANG_WARN_DEPRECATED_OBJC_IMPLEMENTATIONS = YES;
				CLANG_WARN_DIRECT_OBJC_ISA_USAGE = YES_ERROR;
				CLANG_WARN_DOCUMENTATION_COMMENTS = YES;
				CLANG_WARN_EMPTY_BODY = YES;
				CLANG_WARN_ENUM_CONVERSION = YES;
				CLANG_WARN_INFINITE_RECURSION = YES;
				CLANG_WARN_INT_CONVERSION = YES;
				CLANG_WARN_NON_LITERAL_NULL_CONVERSION = YES;
				CLANG_WARN_OBJC_IMPLICIT_RETAIN_SELF = YES;
				CLANG_WARN_OBJC_LITERAL_CONVERSION = YES;
				CLANG_WARN_OBJC_ROOT_CLASS = YES_ERROR;
				CLANG_WARN_QUOTED_INCLUDE_IN_FRAMEWORK_HEADER = YES;
				CLANG_WARN_RANGE_LOOP_ANALYSIS = YES;
				CLANG_WARN_STRICT_PROTOTYPES = YES;
				CLANG_WARN_SUSPICIOUS_MOVE = YES;
				CLANG_WARN_UNGUARDED_AVAILABILITY = YES_AGGRESSIVE;
				CLANG_WARN_UNREACHABLE_CODE = YES;
				CLANG_WARN__DUPLICATE_METHOD_MATCH = YES;
				COPY_PHASE_STRIP = NO;
				DEBUG_INFORMATION_FORMAT = dwarf;
				ENABLE_STRICT_OBJC_MSGSEND = YES;
				ENABLE_TESTABILITY = YES;
				EXCLUDED_ARCHS = "";
				"EXCLUDED_ARCHS[sdk=iphonesimulator*]" = arm64;
				GCC_C_LANGUAGE_STANDARD = gnu11;
				GCC_DYNAMIC_NO_PIC = NO;
				GCC_NO_COMMON_BLOCKS = YES;
				GCC_OPTIMIZATION_LEVEL = 0;
				GCC_PREPROCESSOR_DEFINITIONS = (
					"DEBUG=1",
					"$(inherited)",
				);
				GCC_WARN_64_TO_32_BIT_CONVERSION = YES;
				GCC_WARN_ABOUT_RETURN_TYPE = YES_ERROR;
				GCC_WARN_UNDECLARED_SELECTOR = YES;
				GCC_WARN_UNINITIALIZED_AUTOS = YES_AGGRESSIVE;
				GCC_WARN_UNUSED_FUNCTION = YES;
				GCC_WARN_UNUSED_VARIABLE = YES;
				IPHONEOS_DEPLOYMENT_TARGET = 13.0;
				MTL_ENABLE_DEBUG_INFO = INCLUDE_SOURCE;
				MTL_FAST_MATH = YES;
				ONLY_ACTIVE_ARCH = YES;
				SDKROOT = iphoneos;
				SWIFT_ACTIVE_COMPILATION_CONDITIONS = DEBUG;
				SWIFT_OBJC_BRIDGING_HEADER = FindFacilities/BridgeHeader.h;
				SWIFT_OPTIMIZATION_LEVEL = "-Onone";
			};
			name = Debug;
		};
		C9B99990277C32370084CFF6 /* Release */ = {
			isa = XCBuildConfiguration;
			buildSettings = {
				ALWAYS_SEARCH_USER_PATHS = NO;
				CLANG_ANALYZER_NONNULL = YES;
				CLANG_ANALYZER_NUMBER_OBJECT_CONVERSION = YES_AGGRESSIVE;
				CLANG_CXX_LANGUAGE_STANDARD = "gnu++17";
				CLANG_CXX_LIBRARY = "libc++";
				CLANG_ENABLE_MODULES = YES;
				CLANG_ENABLE_OBJC_ARC = NO;
				CLANG_ENABLE_OBJC_WEAK = YES;
				CLANG_WARN_BLOCK_CAPTURE_AUTORELEASING = YES;
				CLANG_WARN_BOOL_CONVERSION = YES;
				CLANG_WARN_COMMA = YES;
				CLANG_WARN_CONSTANT_CONVERSION = YES;
				CLANG_WARN_DEPRECATED_OBJC_IMPLEMENTATIONS = YES;
				CLANG_WARN_DIRECT_OBJC_ISA_USAGE = YES_ERROR;
				CLANG_WARN_DOCUMENTATION_COMMENTS = YES;
				CLANG_WARN_EMPTY_BODY = YES;
				CLANG_WARN_ENUM_CONVERSION = YES;
				CLANG_WARN_INFINITE_RECURSION = YES;
				CLANG_WARN_INT_CONVERSION = YES;
				CLANG_WARN_NON_LITERAL_NULL_CONVERSION = YES;
				CLANG_WARN_OBJC_IMPLICIT_RETAIN_SELF = YES;
				CLANG_WARN_OBJC_LITERAL_CONVERSION = YES;
				CLANG_WARN_OBJC_ROOT_CLASS = YES_ERROR;
				CLANG_WARN_QUOTED_INCLUDE_IN_FRAMEWORK_HEADER = YES;
				CLANG_WARN_RANGE_LOOP_ANALYSIS = YES;
				CLANG_WARN_STRICT_PROTOTYPES = YES;
				CLANG_WARN_SUSPICIOUS_MOVE = YES;
				CLANG_WARN_UNGUARDED_AVAILABILITY = YES_AGGRESSIVE;
				CLANG_WARN_UNREACHABLE_CODE = YES;
				CLANG_WARN__DUPLICATE_METHOD_MATCH = YES;
				COPY_PHASE_STRIP = NO;
				DEBUG_INFORMATION_FORMAT = "dwarf-with-dsym";
				ENABLE_NS_ASSERTIONS = NO;
				ENABLE_STRICT_OBJC_MSGSEND = YES;
				EXCLUDED_ARCHS = "";
				"EXCLUDED_ARCHS[sdk=iphonesimulator*]" = arm64;
				GCC_C_LANGUAGE_STANDARD = gnu11;
				GCC_NO_COMMON_BLOCKS = YES;
				GCC_WARN_64_TO_32_BIT_CONVERSION = YES;
				GCC_WARN_ABOUT_RETURN_TYPE = YES_ERROR;
				GCC_WARN_UNDECLARED_SELECTOR = YES;
				GCC_WARN_UNINITIALIZED_AUTOS = YES_AGGRESSIVE;
				GCC_WARN_UNUSED_FUNCTION = YES;
				GCC_WARN_UNUSED_VARIABLE = YES;
				IPHONEOS_DEPLOYMENT_TARGET = 13.0;
				MTL_ENABLE_DEBUG_INFO = NO;
				MTL_FAST_MATH = YES;
				ONLY_ACTIVE_ARCH = YES;
				SDKROOT = iphoneos;
				SWIFT_COMPILATION_MODE = wholemodule;
				SWIFT_OBJC_BRIDGING_HEADER = FindFacilities/BridgeHeader.h;
				SWIFT_OPTIMIZATION_LEVEL = "-O";
				VALIDATE_PRODUCT = YES;
			};
			name = Release;
		};
		C9B99992277C32370084CFF6 /* Debug */ = {
			isa = XCBuildConfiguration;
			baseConfigurationReference = 56C4C4138005E5BFAD46AE49 /* Pods-FindFacilities.debug.xcconfig */;
			buildSettings = {
				ASSETCATALOG_COMPILER_APPICON_NAME = AppIcon;
				ASSETCATALOG_COMPILER_GLOBAL_ACCENT_COLOR_NAME = AccentColor;
				CODE_SIGN_STYLE = Automatic;
				CURRENT_PROJECT_VERSION = 1;
				DEVELOPMENT_TEAM = U4T3R7AY6X;
				FRAMEWORK_SEARCH_PATHS = (
					"$(inherited)",
					"$(PROJECT_DIR)/DaumMap.embeddedframework",
				);
				GENERATE_INFOPLIST_FILE = YES;
				INFOPLIST_FILE = FindFacilities/Info.plist;
				INFOPLIST_KEY_UIApplicationSupportsIndirectInputEvents = YES;
				INFOPLIST_KEY_UILaunchStoryboardName = LaunchScreen;
				INFOPLIST_KEY_UISupportedInterfaceOrientations_iPad = "UIInterfaceOrientationPortrait UIInterfaceOrientationPortraitUpsideDown UIInterfaceOrientationLandscapeLeft UIInterfaceOrientationLandscapeRight";
				INFOPLIST_KEY_UISupportedInterfaceOrientations_iPhone = "UIInterfaceOrientationPortrait UIInterfaceOrientationLandscapeLeft UIInterfaceOrientationLandscapeRight";
				LD_RUNPATH_SEARCH_PATHS = (
					"$(inherited)",
					"@executable_path/Frameworks",
				);
				MARKETING_VERSION = 1.0;
				PRODUCT_BUNDLE_IDENTIFIER = com.lyc.FindFacilities;
				PRODUCT_NAME = "$(TARGET_NAME)";
				SWIFT_EMIT_LOC_STRINGS = YES;
				SWIFT_VERSION = 5.0;
				TARGETED_DEVICE_FAMILY = "1,2";
			};
			name = Debug;
		};
		C9B99993277C32370084CFF6 /* Release */ = {
			isa = XCBuildConfiguration;
			baseConfigurationReference = EEAFC37EA3FF821D5998D58A /* Pods-FindFacilities.release.xcconfig */;
			buildSettings = {
				ASSETCATALOG_COMPILER_APPICON_NAME = AppIcon;
				ASSETCATALOG_COMPILER_GLOBAL_ACCENT_COLOR_NAME = AccentColor;
				CODE_SIGN_STYLE = Automatic;
				CURRENT_PROJECT_VERSION = 1;
				DEVELOPMENT_TEAM = U4T3R7AY6X;
				FRAMEWORK_SEARCH_PATHS = (
					"$(inherited)",
					"$(PROJECT_DIR)/DaumMap.embeddedframework",
				);
				GENERATE_INFOPLIST_FILE = YES;
				INFOPLIST_FILE = FindFacilities/Info.plist;
				INFOPLIST_KEY_UIApplicationSupportsIndirectInputEvents = YES;
				INFOPLIST_KEY_UILaunchStoryboardName = LaunchScreen;
				INFOPLIST_KEY_UISupportedInterfaceOrientations_iPad = "UIInterfaceOrientationPortrait UIInterfaceOrientationPortraitUpsideDown UIInterfaceOrientationLandscapeLeft UIInterfaceOrientationLandscapeRight";
				INFOPLIST_KEY_UISupportedInterfaceOrientations_iPhone = "UIInterfaceOrientationPortrait UIInterfaceOrientationLandscapeLeft UIInterfaceOrientationLandscapeRight";
				LD_RUNPATH_SEARCH_PATHS = (
					"$(inherited)",
					"@executable_path/Frameworks",
				);
				MARKETING_VERSION = 1.0;
				PRODUCT_BUNDLE_IDENTIFIER = com.lyc.FindFacilities;
				PRODUCT_NAME = "$(TARGET_NAME)";
				SWIFT_EMIT_LOC_STRINGS = YES;
				SWIFT_VERSION = 5.0;
				TARGETED_DEVICE_FAMILY = "1,2";
			};
			name = Release;
		};
		C9B99995277C32370084CFF6 /* Debug */ = {
			isa = XCBuildConfiguration;
			baseConfigurationReference = BE81531E3115F1B175800B60 /* Pods-FindFacilitiesTests.debug.xcconfig */;
			buildSettings = {
				ALWAYS_EMBED_SWIFT_STANDARD_LIBRARIES = YES;
				BUNDLE_LOADER = "$(TEST_HOST)";
				CODE_SIGN_STYLE = Automatic;
				CURRENT_PROJECT_VERSION = 1;
				DEVELOPMENT_TEAM = U4T3R7AY6X;
				FRAMEWORK_SEARCH_PATHS = (
					"$(inherited)",
					"$(PROJECT_DIR)/DaumMap.embeddedframework",
				);
				GENERATE_INFOPLIST_FILE = YES;
				IPHONEOS_DEPLOYMENT_TARGET = 15.2;
				MARKETING_VERSION = 1.0;
				PRODUCT_BUNDLE_IDENTIFIER = com.lyc.FindFacilitiesTests;
				PRODUCT_NAME = "$(TARGET_NAME)";
				SWIFT_EMIT_LOC_STRINGS = NO;
				SWIFT_VERSION = 5.0;
				TARGETED_DEVICE_FAMILY = "1,2";
				TEST_HOST = "$(BUILT_PRODUCTS_DIR)/FindFacilities.app/FindFacilities";
			};
			name = Debug;
		};
		C9B99996277C32370084CFF6 /* Release */ = {
			isa = XCBuildConfiguration;
			baseConfigurationReference = 2076CFAC04C92EB3FC11E093 /* Pods-FindFacilitiesTests.release.xcconfig */;
			buildSettings = {
				ALWAYS_EMBED_SWIFT_STANDARD_LIBRARIES = YES;
				BUNDLE_LOADER = "$(TEST_HOST)";
				CODE_SIGN_STYLE = Automatic;
				CURRENT_PROJECT_VERSION = 1;
				DEVELOPMENT_TEAM = U4T3R7AY6X;
				FRAMEWORK_SEARCH_PATHS = (
					"$(inherited)",
					"$(PROJECT_DIR)/DaumMap.embeddedframework",
				);
				GENERATE_INFOPLIST_FILE = YES;
				IPHONEOS_DEPLOYMENT_TARGET = 15.2;
				MARKETING_VERSION = 1.0;
				PRODUCT_BUNDLE_IDENTIFIER = com.lyc.FindFacilitiesTests;
				PRODUCT_NAME = "$(TARGET_NAME)";
				SWIFT_EMIT_LOC_STRINGS = NO;
				SWIFT_VERSION = 5.0;
				TARGETED_DEVICE_FAMILY = "1,2";
				TEST_HOST = "$(BUILT_PRODUCTS_DIR)/FindFacilities.app/FindFacilities";
			};
			name = Release;
		};
		C9B99998277C32370084CFF6 /* Debug */ = {
			isa = XCBuildConfiguration;
			baseConfigurationReference = DAF59E8D8DCFED4C1CC22184 /* Pods-FindFacilities-FindFacilitiesUITests.debug.xcconfig */;
			buildSettings = {
				ALWAYS_EMBED_SWIFT_STANDARD_LIBRARIES = YES;
				CODE_SIGN_STYLE = Automatic;
				CURRENT_PROJECT_VERSION = 1;
				DEVELOPMENT_TEAM = U4T3R7AY6X;
				GENERATE_INFOPLIST_FILE = YES;
				MARKETING_VERSION = 1.0;
				PRODUCT_BUNDLE_IDENTIFIER = com.lyc.FindFacilitiesUITests;
				PRODUCT_NAME = "$(TARGET_NAME)";
				SWIFT_EMIT_LOC_STRINGS = NO;
				SWIFT_VERSION = 5.0;
				TARGETED_DEVICE_FAMILY = "1,2";
				TEST_TARGET_NAME = FindFacilities;
			};
			name = Debug;
		};
		C9B99999277C32370084CFF6 /* Release */ = {
			isa = XCBuildConfiguration;
			baseConfigurationReference = 6829FFAA9980C4EC1FEFE88C /* Pods-FindFacilities-FindFacilitiesUITests.release.xcconfig */;
			buildSettings = {
				ALWAYS_EMBED_SWIFT_STANDARD_LIBRARIES = YES;
				CODE_SIGN_STYLE = Automatic;
				CURRENT_PROJECT_VERSION = 1;
				DEVELOPMENT_TEAM = U4T3R7AY6X;
				GENERATE_INFOPLIST_FILE = YES;
				MARKETING_VERSION = 1.0;
				PRODUCT_BUNDLE_IDENTIFIER = com.lyc.FindFacilitiesUITests;
				PRODUCT_NAME = "$(TARGET_NAME)";
				SWIFT_EMIT_LOC_STRINGS = NO;
				SWIFT_VERSION = 5.0;
				TARGETED_DEVICE_FAMILY = "1,2";
				TEST_TARGET_NAME = FindFacilities;
			};
			name = Release;
		};
/* End XCBuildConfiguration section */

/* Begin XCConfigurationList section */
		C9B99962277C32360084CFF6 /* Build configuration list for PBXProject "FindFacilities" */ = {
			isa = XCConfigurationList;
			buildConfigurations = (
				C9B9998F277C32370084CFF6 /* Debug */,
				C9B99990277C32370084CFF6 /* Release */,
			);
			defaultConfigurationIsVisible = 0;
			defaultConfigurationName = Release;
		};
		C9B99991277C32370084CFF6 /* Build configuration list for PBXNativeTarget "FindFacilities" */ = {
			isa = XCConfigurationList;
			buildConfigurations = (
				C9B99992277C32370084CFF6 /* Debug */,
				C9B99993277C32370084CFF6 /* Release */,
			);
			defaultConfigurationIsVisible = 0;
			defaultConfigurationName = Release;
		};
		C9B99994277C32370084CFF6 /* Build configuration list for PBXNativeTarget "FindFacilitiesTests" */ = {
			isa = XCConfigurationList;
			buildConfigurations = (
				C9B99995277C32370084CFF6 /* Debug */,
				C9B99996277C32370084CFF6 /* Release */,
			);
			defaultConfigurationIsVisible = 0;
			defaultConfigurationName = Release;
		};
		C9B99997277C32370084CFF6 /* Build configuration list for PBXNativeTarget "FindFacilitiesUITests" */ = {
			isa = XCConfigurationList;
			buildConfigurations = (
				C9B99998277C32370084CFF6 /* Debug */,
				C9B99999277C32370084CFF6 /* Release */,
			);
			defaultConfigurationIsVisible = 0;
			defaultConfigurationName = Release;
		};
/* End XCConfigurationList section */
	};
	rootObject = C9B9995F277C32360084CFF6 /* Project object */;
}
